<?xml version="1.0" encoding="utf-8"?>
<Project ToolsVersion="4.0" xmlns="http://schemas.microsoft.com/developer/msbuild/2003">
  <ItemGroup>
    <Filter Include="Source Files">
      <UniqueIdentifier>{4FC737F1-C7A5-4376-A066-2A32D752A2FF}</UniqueIdentifier>
      <Extensions>cpp;c;cc;cxx;def;odl;idl;hpj;bat;asm;asmx</Extensions>
    </Filter>
    <Filter Include="Header Files">
      <UniqueIdentifier>{93995380-89BD-4b04-88EB-625FBE52EBFB}</UniqueIdentifier>
      <Extensions>h;hh;hpp;hxx;hm;inl;inc;xsd</Extensions>
    </Filter>
    <Filter Include="Resource Files">
      <UniqueIdentifier>{67DA6AB6-F800-4c08-8B7A-83BB121AAD01}</UniqueIdentifier>
      <Extensions>rc;ico;cur;bmp;dlg;rc2;rct;bin;rgs;gif;jpg;jpeg;jpe;resx;tiff;tif;png;wav;mfcribbon-ms</Extensions>
    </Filter>
    <Filter Include="Source Files\Math">
      <UniqueIdentifier>{b45a041e-208e-4d4d-b75e-8f82a7228b84}</UniqueIdentifier>
    </Filter>
    <Filter Include="Header Files\Math">
      <UniqueIdentifier>{a1d0f04f-5807-4c5b-9df3-d61eee7e778d}</UniqueIdentifier>
    </Filter>
    <Filter Include="Source Files\Logger">
      <UniqueIdentifier>{9210ea26-2877-4825-85e8-1949bd4c420a}</UniqueIdentifier>
    </Filter>
    <Filter Include="Header Files\Logger">
      <UniqueIdentifier>{262fe3b9-50c5-48b5-bd1e-0e0c378cdd13}</UniqueIdentifier>
    </Filter>
    <Filter Include="Header Files\GameObject">
      <UniqueIdentifier>{768c53f6-582c-4a69-83f3-e487754732de}</UniqueIdentifier>
    </Filter>
    <Filter Include="Source Files\GameObject">
      <UniqueIdentifier>{e7140026-e588-4ca0-a885-1a29ba3dd89b}</UniqueIdentifier>
    </Filter>
    <Filter Include="Header Files\Memory">
      <UniqueIdentifier>{c79b3a65-ac38-4796-a6c2-2b1f1110efc2}</UniqueIdentifier>
    </Filter>
    <Filter Include="Source Files\Memory">
      <UniqueIdentifier>{514b9fd4-cdee-4a8c-b696-aee2eb05a28c}</UniqueIdentifier>
    </Filter>
    <Filter Include="Header Files\Data">
      <UniqueIdentifier>{17c1acaf-c3e9-4694-8bc1-bf3d4969e505}</UniqueIdentifier>
    </Filter>
    <Filter Include="Source Files\Data">
      <UniqueIdentifier>{eb1265b3-364e-4193-ab92-1ea72ad6738c}</UniqueIdentifier>
    </Filter>
    <Filter Include="Header Files\Assert">
      <UniqueIdentifier>{736dea9f-f22e-4df4-87d1-1603858ca447}</UniqueIdentifier>
    </Filter>
    <Filter Include="Header Files\Common">
      <UniqueIdentifier>{caaa9181-16ff-473f-a98e-9ad9b862fa3d}</UniqueIdentifier>
    </Filter>
    <Filter Include="Source Files\Common">
      <UniqueIdentifier>{272385d7-9fe6-49ac-9876-17b235118cda}</UniqueIdentifier>
    </Filter>
    <Filter Include="Header Files\Time">
      <UniqueIdentifier>{a6ca5f58-8212-4c46-ad4e-f3ebc09a8435}</UniqueIdentifier>
    </Filter>
    <Filter Include="Source Files\Time">
      <UniqueIdentifier>{ab236536-4803-40ad-9ef6-3eb441c3e26c}</UniqueIdentifier>
    </Filter>
    <Filter Include="Header Files\Physics">
      <UniqueIdentifier>{d5fa6457-d6f8-484e-a599-2fa5d9c5b9a6}</UniqueIdentifier>
    </Filter>
    <Filter Include="Source Files\Physics">
      <UniqueIdentifier>{02c8a987-fdc6-4a4d-99bd-0fdc627d2d90}</UniqueIdentifier>
    </Filter>
    <Filter Include="Header Files\Renderer">
      <UniqueIdentifier>{ab96af57-ff5b-4d71-ae8b-74a52dac317e}</UniqueIdentifier>
    </Filter>
    <Filter Include="Source Files\Renderer">
      <UniqueIdentifier>{78bd074a-6af7-479c-bcbb-6e8426653200}</UniqueIdentifier>
    </Filter>
    <Filter Include="Header Files\Util">
      <UniqueIdentifier>{19d8ed5c-40ac-42c1-9415-77e1605b4ff2}</UniqueIdentifier>
    </Filter>
    <Filter Include="Source Files\Util">
      <UniqueIdentifier>{0e0a9f07-98a7-47ce-ac2d-69a0faaf3640}</UniqueIdentifier>
    </Filter>
    <Filter Include="Header Files\Input">
      <UniqueIdentifier>{189ef538-2498-4108-8741-c492197dee31}</UniqueIdentifier>
    </Filter>
    <Filter Include="Source Files\Input">
      <UniqueIdentifier>{457b68bd-f4a1-4295-9b3b-abb9538982c1}</UniqueIdentifier>
    </Filter>
    <Filter Include="Header Files\Jobs">
      <UniqueIdentifier>{259e1573-deb2-4118-8f4e-7bd3608eebcc}</UniqueIdentifier>
    </Filter>
    <Filter Include="Source Files\Jobs">
      <UniqueIdentifier>{aa7cbe11-ad85-4c74-adff-543e586e225d}</UniqueIdentifier>
    </Filter>
    <Filter Include="Header Files\Events">
      <UniqueIdentifier>{d62967c4-c0b1-4816-b853-10e39d9deccf}</UniqueIdentifier>
    </Filter>
    <Filter Include="Source Files\Events">
      <UniqueIdentifier>{a7d3e3c3-a386-45dc-9b2b-cc259edac437}</UniqueIdentifier>
    </Filter>
  </ItemGroup>
  <ItemGroup>
    <Text Include="ReadMe.txt" />
  </ItemGroup>
  <ItemGroup>
    <ClInclude Include="Source\Math\Vec2D.h">
      <Filter>Header Files\Math</Filter>
    </ClInclude>
    <ClInclude Include="Source\Logger\Logger.h">
      <Filter>Header Files\Logger</Filter>
    </ClInclude>
    <ClInclude Include="Source\Math\Vec2D-inl.h">
      <Filter>Header Files\Math</Filter>
    </ClInclude>
    <ClInclude Include="Source\GameObject\GameObject.h">
      <Filter>Header Files\GameObject</Filter>
    </ClInclude>
    <ClInclude Include="Source\GameObject\InterfaceGameObjectController.h">
      <Filter>Header Files\GameObject</Filter>
    </ClInclude>
    <ClInclude Include="Source\Math\Transform.h">
      <Filter>Header Files\Math</Filter>
    </ClInclude>
    <ClInclude Include="Source\Math\Transform-inl.h">
      <Filter>Header Files\Math</Filter>
    </ClInclude>
    <ClInclude Include="Source\Math\Vec3D.h">
      <Filter>Header Files\Math</Filter>
    </ClInclude>
    <ClInclude Include="Source\Math\Vec3D-inl.h">
      <Filter>Header Files\Math</Filter>
    </ClInclude>
    <ClInclude Include="Source\Assert\Assert.h">
      <Filter>Header Files\Assert</Filter>
    </ClInclude>
    <ClInclude Include="Source\Memory\AllocatorUtil.h">
      <Filter>Header Files\Memory</Filter>
    </ClInclude>
    <ClInclude Include="Source\Memory\BlockAllocator.h">
      <Filter>Header Files\Memory</Filter>
    </ClInclude>
    <ClInclude Include="Source\Memory\BlockAllocator-inl.h">
      <Filter>Header Files\Memory</Filter>
    </ClInclude>
    <ClInclude Include="Source\Memory\AllocatorOverrides.h">
      <Filter>Header Files\Memory</Filter>
    </ClInclude>
    <ClInclude Include="Source\Math\MathUtil.h">
      <Filter>Header Files\Math</Filter>
    </ClInclude>
    <ClInclude Include="Source\Data\BitArray.h">
      <Filter>Header Files\Data</Filter>
    </ClInclude>
    <ClInclude Include="Source\Data\BitArray-inl.h">
      <Filter>Header Files\Data</Filter>
    </ClInclude>
    <ClInclude Include="Source\Memory\FixedSizeAllocator.h">
      <Filter>Header Files\Memory</Filter>
    </ClInclude>
    <ClInclude Include="Source\Memory\FixedSizeAllocator-inl.h">
      <Filter>Header Files\Memory</Filter>
    </ClInclude>
    <ClInclude Include="Source\GameObject\GameObject-inl.h">
      <Filter>Header Files\GameObject</Filter>
    </ClInclude>
    <ClInclude Include="Source\Common\Engine.h">
      <Filter>Header Files\Common</Filter>
    </ClInclude>
    <ClInclude Include="Source\Math\Rect.h">
      <Filter>Header Files\Math</Filter>
    </ClInclude>
    <ClInclude Include="Source\Math\Rect-inl.h">
      <Filter>Header Files\Math</Filter>
    </ClInclude>
    <ClInclude Include="Source\Math\Size.h">
      <Filter>Header Files\Math</Filter>
    </ClInclude>
    <ClInclude Include="Source\Math\Size-inl.h">
      <Filter>Header Files\Math</Filter>
    </ClInclude>
    <ClInclude Include="Source\Time\TimerUtil.h">
      <Filter>Header Files\Time</Filter>
    </ClInclude>
    <ClInclude Include="Source\Time\Updater.h">
      <Filter>Header Files\Time</Filter>
    </ClInclude>
    <ClInclude Include="Source\Time\InterfaceTickable.h">
      <Filter>Header Files\Time</Filter>
    </ClInclude>
    <ClInclude Include="Source\Time\Updater-inl.h">
      <Filter>Header Files\Time</Filter>
    </ClInclude>
    <ClInclude Include="Source\Physics\Physics.h">
      <Filter>Header Files\Physics</Filter>
    </ClInclude>
    <ClInclude Include="Source\Physics\Physics-inl.h">
      <Filter>Header Files\Physics</Filter>
    </ClInclude>
    <ClInclude Include="Source\Physics\PhysicsObject.h">
      <Filter>Header Files\Physics</Filter>
    </ClInclude>
    <ClInclude Include="Source\Physics\PhysicsObject-inl.h">
      <Filter>Header Files\Physics</Filter>
    </ClInclude>
    <ClInclude Include="Source\Memory\RefCounter.h">
      <Filter>Header Files\Memory</Filter>
    </ClInclude>
    <ClInclude Include="Source\Memory\WeakPointer.h">
      <Filter>Header Files\Memory</Filter>
    </ClInclude>
    <ClInclude Include="Source\Memory\WeakPointer-inl.h">
      <Filter>Header Files\Memory</Filter>
    </ClInclude>
    <ClInclude Include="Source\Memory\SharedPointer.h">
      <Filter>Header Files\Memory</Filter>
    </ClInclude>
    <ClInclude Include="Source\Memory\SharedPointer-inl.h">
      <Filter>Header Files\Memory</Filter>
    </ClInclude>
    <ClInclude Include="Source\Memory\UniquePointer.h">
      <Filter>Header Files\Memory</Filter>
    </ClInclude>
    <ClInclude Include="Source\Memory\UniquePointer-inl.h">
      <Filter>Header Files\Memory</Filter>
    </ClInclude>
    <ClInclude Include="Source\Data\StringPool.h">
      <Filter>Header Files\Data</Filter>
    </ClInclude>
    <ClInclude Include="Source\Data\StringPool-inl.h">
      <Filter>Header Files\Data</Filter>
    </ClInclude>
    <ClInclude Include="Source\Data\PooledString.h">
      <Filter>Header Files\Data</Filter>
    </ClInclude>
    <ClInclude Include="Source\Data\PooledString-inl.h">
      <Filter>Header Files\Data</Filter>
    </ClInclude>
    <ClInclude Include="Source\Data\HashedString.h">
      <Filter>Header Files\Data</Filter>
    </ClInclude>
    <ClInclude Include="Source\Data\HashedString-inl.h">
      <Filter>Header Files\Data</Filter>
    </ClInclude>
    <ClInclude Include="Source\Renderer\Renderer.h">
      <Filter>Header Files\Renderer</Filter>
    </ClInclude>
    <ClInclude Include="Source\Renderer\Renderer-inl.h">
      <Filter>Header Files\Renderer</Filter>
    </ClInclude>
    <ClInclude Include="Source\Renderer\RenderableObject.h">
      <Filter>Header Files\Renderer</Filter>
    </ClInclude>
    <ClInclude Include="Source\Renderer\RenderableObject-inl.h">
      <Filter>Header Files\Renderer</Filter>
    </ClInclude>
    <ClInclude Include="Source\Util\FileUtils.h">
      <Filter>Header Files\Util</Filter>
    </ClInclude>
    <ClInclude Include="Source\Util\FileUtils-inl.h">
      <Filter>Header Files\Util</Filter>
    </ClInclude>
    <ClInclude Include="Source\GameObject\Actor.h">
      <Filter>Header Files\GameObject</Filter>
    </ClInclude>
    <ClInclude Include="Source\GameObject\Actor-inl.h">
      <Filter>Header Files\GameObject</Filter>
    </ClInclude>
    <ClInclude Include="Source\Input\Input.h">
      <Filter>Header Files\Input</Filter>
    </ClInclude>
    <ClInclude Include="Source\GameObject\ActorCreator.h">
      <Filter>Header Files\GameObject</Filter>
    </ClInclude>
    <ClInclude Include="Source\Util\LuaHelper.h">
      <Filter>Header Files\Util</Filter>
    </ClInclude>
    <ClInclude Include="Source\Common\HelperMacros.h">
      <Filter>Header Files\Common</Filter>
    </ClInclude>
    <ClInclude Include="Source\Jobs\FileLoadJob.h">
      <Filter>Header Files\Jobs</Filter>
    </ClInclude>
    <ClInclude Include="Source\Jobs\InterfaceJob.h">
      <Filter>Header Files\Jobs</Filter>
    </ClInclude>
    <ClInclude Include="Source\Jobs\JobQueue.h">
      <Filter>Header Files\Jobs</Filter>
    </ClInclude>
    <ClInclude Include="Source\Jobs\JobQueue-inl.h">
      <Filter>Header Files\Jobs</Filter>
    </ClInclude>
    <ClInclude Include="Source\Jobs\JobSystem.h">
      <Filter>Header Files\Jobs</Filter>
    </ClInclude>
    <ClInclude Include="Source\Jobs\Worker.h">
      <Filter>Header Files\Jobs</Filter>
    </ClInclude>
    <ClInclude Include="Source\Jobs\FileLoadJob-inl.h">
      <Filter>Header Files\Jobs</Filter>
    </ClInclude>
    <ClInclude Include="Source\Memory\AllocationCounter.h">
      <Filter>Header Files\Memory</Filter>
    </ClInclude>
    <ClInclude Include="Source\Memory\AllocationCounter-inl.h">
      <Filter>Header Files\Memory</Filter>
    </ClInclude>
    <ClInclude Include="Source\Math\Vec4D.h">
      <Filter>Header Files\Math</Filter>
    </ClInclude>
    <ClInclude Include="Source\Math\Vec4D-inl.h">
      <Filter>Header Files\Math</Filter>
    </ClInclude>
    <ClInclude Include="Source\Math\Mat44.h">
      <Filter>Header Files\Math</Filter>
    </ClInclude>
    <ClInclude Include="Source\Math\Mat44-inl.h">
      <Filter>Header Files\Math</Filter>
    </ClInclude>
    <ClInclude Include="Source\Math\AABB.h">
      <Filter>Header Files\Math</Filter>
    </ClInclude>
    <ClInclude Include="Source\Physics\Collider.h">
      <Filter>Header Files\Physics</Filter>
    </ClInclude>
    <ClInclude Include="Source\Physics\Collider-inl.h">
      <Filter>Header Files\Physics</Filter>
    </ClInclude>
    <ClInclude Include="Source\Physics\DebugDraw.h">
      <Filter>Header Files\Physics</Filter>
    </ClInclude>
    <ClInclude Include="Source\Physics\DebugDraw-inl.h">
      <Filter>Header Files\Physics</Filter>
    </ClInclude>
    <ClInclude Include="Source\Events\EventDispatcher.h">
      <Filter>Header Files\Events</Filter>
    </ClInclude>
    <ClInclude Include="Source\Events\KeyboardEvent.h">
      <Filter>Header Files\Events</Filter>
    </ClInclude>
    <ClInclude Include="Source\Events\KeyboardEvent-inl.h">
      <Filter>Header Files\Events</Filter>
    </ClInclude>
    <ClInclude Include="Source\Math\Vec3D-SSE.h">
      <Filter>Header Files\Math</Filter>
    </ClInclude>
    <ClInclude Include="Source\Math\Vec4D-SSE.h">
      <Filter>Header Files\Math</Filter>
    </ClInclude>
    <ClInclude Include="Source\Math\Vec3D-SSE-inl.h">
      <Filter>Header Files\Math</Filter>
    </ClInclude>
    <ClInclude Include="Source\Math\Vec4D-SSE-inl.h">
      <Filter>Header Files\Math</Filter>
    </ClInclude>
    <ClInclude Include="Source\Util\Profiler.h">
      <Filter>Header Files\Util</Filter>
    </ClInclude>
    <ClInclude Include="Source\Math\Mat44-SSE.h">
      <Filter>Header Files\Math</Filter>
    </ClInclude>
    <ClInclude Include="Source\Math\Mat44-SSE-inl.h">
      <Filter>Header Files\Math</Filter>
    </ClInclude>
    <ClInclude Include="Source\Events\TimerEvent.h">
      <Filter>Header Files\Events</Filter>
    </ClInclude>
    <ClInclude Include="Source\Events\TimerEvent-inl.h">
      <Filter>Header Files\Events</Filter>
    </ClInclude>
    <ClInclude Include="Source\Jobs\CreateActorFromFileJob.h">
      <Filter>Header Files\Jobs</Filter>
    </ClInclude>
    <ClInclude Include="Source\Jobs\CreateActorFromFileJob-inl.h">
      <Filter>Header Files\Jobs</Filter>
    </ClInclude>
    <ClInclude Include="Source\Jobs\CreateActorFromFileAtPositionJob.h">
      <Filter>Header Files\Jobs</Filter>
    </ClInclude>
    <ClInclude Include="Source\Jobs\CreateActorFromFileAtPositionJob-inl.h">
      <Filter>Header Files\Jobs</Filter>
    </ClInclude>
  </ItemGroup>
  <ItemGroup>
    <ClCompile Include="Source\Logger\Private\Logger.win32.cpp">
      <Filter>Source Files\Logger</Filter>
    </ClCompile>
    <ClCompile Include="Source\Math\Private\Vec3D.cpp">
      <Filter>Source Files\Math</Filter>
    </ClCompile>
    <ClCompile Include="Source\Math\Private\Vec2D.cpp">
      <Filter>Source Files\Math</Filter>
    </ClCompile>
    <ClCompile Include="Source\Memory\Private\BlockAllocator.cpp">
      <Filter>Source Files\Memory</Filter>
    </ClCompile>
    <ClCompile Include="Source\Memory\Private\AllocatorOverrides.cpp">
      <Filter>Source Files\Memory</Filter>
    </ClCompile>
    <ClCompile Include="Source\Math\Private\Transform.cpp">
      <Filter>Source Files\Math</Filter>
    </ClCompile>
    <ClCompile Include="Source\Data\Private\BitArray.cpp">
      <Filter>Source Files\Data</Filter>
    </ClCompile>
    <ClCompile Include="Source\Memory\Private\FixedSizeAllocator.cpp">
      <Filter>Source Files\Memory</Filter>
    </ClCompile>
    <ClCompile Include="Source\Memory\Private\AllocatorUtil.cpp">
      <Filter>Source Files\Memory</Filter>
    </ClCompile>
    <ClCompile Include="Source\Common\Private\Engine.cpp">
      <Filter>Source Files\Common</Filter>
    </ClCompile>
    <ClCompile Include="Source\Math\Private\Rect.cpp">
      <Filter>Source Files\Math</Filter>
    </ClCompile>
    <ClCompile Include="Source\Math\Private\Size.cpp">
      <Filter>Source Files\Math</Filter>
    </ClCompile>
    <ClCompile Include="Source\Time\Private\TimerUtil.cpp">
      <Filter>Source Files\Time</Filter>
    </ClCompile>
    <ClCompile Include="Source\Time\Private\TimerUtil.win32.cpp">
      <Filter>Source Files\Time</Filter>
    </ClCompile>
    <ClCompile Include="Source\Time\Private\Updater.cpp">
      <Filter>Source Files\Time</Filter>
    </ClCompile>
    <ClCompile Include="Source\Physics\Private\Physics.cpp">
      <Filter>Source Files\Physics</Filter>
    </ClCompile>
    <ClCompile Include="Source\Physics\Private\PhysicsObject.cpp">
      <Filter>Source Files\Physics</Filter>
    </ClCompile>
    <ClCompile Include="Source\Data\Private\StringPool.cpp">
      <Filter>Source Files\Data</Filter>
    </ClCompile>
    <ClCompile Include="Source\Data\Private\HashedString.cpp">
      <Filter>Source Files\Data</Filter>
    </ClCompile>
    <ClCompile Include="Source\Renderer\Private\Renderer.cpp">
      <Filter>Source Files\Renderer</Filter>
    </ClCompile>
    <ClCompile Include="Source\Renderer\Private\RenderableObject.cpp">
      <Filter>Source Files\Renderer</Filter>
    </ClCompile>
    <ClCompile Include="Source\Util\Private\FileUtils.cpp">
      <Filter>Source Files\Util</Filter>
    </ClCompile>
    <ClCompile Include="Source\GameObject\Private\Actor.cpp">
      <Filter>Source Files\GameObject</Filter>
    </ClCompile>
    <ClCompile Include="Source\Data\Private\PooledString.cpp">
      <Filter>Source Files\Data</Filter>
    </ClCompile>
    <ClCompile Include="Source\Input\Private\Input.cpp">
      <Filter>Source Files\Input</Filter>
    </ClCompile>
    <ClCompile Include="Source\GameObject\Private\ActorCreator.cpp">
      <Filter>Source Files\GameObject</Filter>
    </ClCompile>
    <ClCompile Include="Source\Util\Private\LuaHelper.cpp">
      <Filter>Source Files\Util</Filter>
    </ClCompile>
    <ClCompile Include="Source\Jobs\Private\FileLoadJob.cpp">
      <Filter>Source Files\Jobs</Filter>
    </ClCompile>
    <ClCompile Include="Source\Jobs\Private\JobQueue.cpp">
      <Filter>Source Files\Jobs</Filter>
    </ClCompile>
    <ClCompile Include="Source\Jobs\Private\JobSystem.cpp">
      <Filter>Source Files\Jobs</Filter>
    </ClCompile>
    <ClCompile Include="Source\Jobs\Private\Worker.cpp">
      <Filter>Source Files\Jobs</Filter>
    </ClCompile>
    <ClCompile Include="Source\Memory\Private\AllocationCounter.cpp">
      <Filter>Source Files\Memory</Filter>
    </ClCompile>
    <ClCompile Include="Source\Math\Private\Vec4D.cpp">
      <Filter>Source Files\Math</Filter>
    </ClCompile>
    <ClCompile Include="Source\Math\Private\MathUtil.cpp">
      <Filter>Source Files\Math</Filter>
    </ClCompile>
    <ClCompile Include="Source\Math\Private\Mat44.cpp">
      <Filter>Source Files\Math</Filter>
    </ClCompile>
    <ClCompile Include="Source\Math\Private\AABB.cpp">
      <Filter>Source Files\Math</Filter>
    </ClCompile>
    <ClCompile Include="Source\Physics\Private\Collider.cpp">
      <Filter>Source Files\Physics</Filter>
    </ClCompile>
    <ClCompile Include="Source\Physics\Private\DebugDraw.cpp">
      <Filter>Source Files\Physics</Filter>
    </ClCompile>
    <ClCompile Include="Source\Events\Private\EventDispatcher.cpp">
      <Filter>Source Files\Events</Filter>
    </ClCompile>
    <ClCompile Include="Source\Events\Private\KeyboardEvent.cpp">
      <Filter>Source Files\Events</Filter>
    </ClCompile>
    <ClCompile Include="Source\Math\Private\Vec3D-SSE.cpp">
      <Filter>Source Files\Math</Filter>
    </ClCompile>
    <ClCompile Include="Source\Math\Private\Vec4D-SSE.cpp">
      <Filter>Source Files\Math</Filter>
    </ClCompile>
    <ClCompile Include="Source\Util\Private\Profiler.cpp">
      <Filter>Source Files\Util</Filter>
    </ClCompile>
    <ClCompile Include="Source\Math\Private\Mat44-SSE.cpp">
      <Filter>Source Files\Math</Filter>
    </ClCompile>
    <ClCompile Include="Source\Events\Private\TimerEvent.cpp">
      <Filter>Source Files\Events</Filter>
    </ClCompile>
    <ClCompile Include="Source\Jobs\Private\CreateActorFromFileJob.cpp">
      <Filter>Source Files\Jobs</Filter>
    </ClCompile>
    <ClCompile Include="Source\Jobs\Private\CreateActorFromFileAtPositionJob.cpp">
      <Filter>Source Files\Jobs</Filter>
    </ClCompile>
  </ItemGroup>
</Project>