<?xml version="1.0" encoding="utf-8"?>
<Project ToolsVersion="4.0" xmlns="http://schemas.microsoft.com/developer/msbuild/2003">
  <ItemGroup>
    <Filter Include="Source Files">
      <UniqueIdentifier>{4FC737F1-C7A5-4376-A066-2A32D752A2FF}</UniqueIdentifier>
      <Extensions>cpp;c;cc;cxx;def;odl;idl;hpj;bat;asm;asmx</Extensions>
    </Filter>
    <Filter Include="Header Files">
      <UniqueIdentifier>{93995380-89BD-4b04-88EB-625FBE52EBFB}</UniqueIdentifier>
      <Extensions>h;hh;hpp;hxx;hm;inl;inc;xsd</Extensions>
    </Filter>
    <Filter Include="Resource Files">
      <UniqueIdentifier>{67DA6AB6-F800-4c08-8B7A-83BB121AAD01}</UniqueIdentifier>
      <Extensions>rc;ico;cur;bmp;dlg;rc2;rct;bin;rgs;gif;jpg;jpeg;jpe;resx;tiff;tif;png;wav;mfcribbon-ms</Extensions>
    </Filter>
    <Filter Include="Source Files\Math">
      <UniqueIdentifier>{b45a041e-208e-4d4d-b75e-8f82a7228b84}</UniqueIdentifier>
    </Filter>
    <Filter Include="Header Files\Math">
      <UniqueIdentifier>{a1d0f04f-5807-4c5b-9df3-d61eee7e778d}</UniqueIdentifier>
    </Filter>
    <Filter Include="Source Files\Logger">
      <UniqueIdentifier>{9210ea26-2877-4825-85e8-1949bd4c420a}</UniqueIdentifier>
    </Filter>
    <Filter Include="Header Files\Logger">
      <UniqueIdentifier>{262fe3b9-50c5-48b5-bd1e-0e0c378cdd13}</UniqueIdentifier>
    </Filter>
    <Filter Include="Header Files\GameObject">
      <UniqueIdentifier>{768c53f6-582c-4a69-83f3-e487754732de}</UniqueIdentifier>
    </Filter>
    <Filter Include="Source Files\GameObject">
      <UniqueIdentifier>{e7140026-e588-4ca0-a885-1a29ba3dd89b}</UniqueIdentifier>
    </Filter>
    <Filter Include="Header Files\Memory">
      <UniqueIdentifier>{c79b3a65-ac38-4796-a6c2-2b1f1110efc2}</UniqueIdentifier>
    </Filter>
    <Filter Include="Source Files\Memory">
      <UniqueIdentifier>{514b9fd4-cdee-4a8c-b696-aee2eb05a28c}</UniqueIdentifier>
    </Filter>
    <Filter Include="Header Files\Data">
      <UniqueIdentifier>{17c1acaf-c3e9-4694-8bc1-bf3d4969e505}</UniqueIdentifier>
    </Filter>
    <Filter Include="Source Files\Data">
      <UniqueIdentifier>{eb1265b3-364e-4193-ab92-1ea72ad6738c}</UniqueIdentifier>
    </Filter>
    <Filter Include="Header Files\Assert">
      <UniqueIdentifier>{736dea9f-f22e-4df4-87d1-1603858ca447}</UniqueIdentifier>
    </Filter>
  </ItemGroup>
  <ItemGroup>
    <Text Include="ReadMe.txt" />
  </ItemGroup>
  <ItemGroup>
    <ClInclude Include="Source\Math\Vec2D.h">
      <Filter>Header Files\Math</Filter>
    </ClInclude>
    <ClInclude Include="Source\Logger\Logger.h">
      <Filter>Header Files\Logger</Filter>
    </ClInclude>
    <ClInclude Include="Source\Math\Vec2D-inl.h">
      <Filter>Header Files\Math</Filter>
    </ClInclude>
    <ClInclude Include="Source\GameObject\GameObject.h">
      <Filter>Header Files\GameObject</Filter>
    </ClInclude>
    <ClInclude Include="Source\GameObject\InterfaceGameObjectController.h">
      <Filter>Header Files\GameObject</Filter>
    </ClInclude>
    <ClInclude Include="Source\Math\Transform.h">
      <Filter>Header Files\Math</Filter>
    </ClInclude>
    <ClInclude Include="Source\Math\Transform-inl.h">
      <Filter>Header Files\Math</Filter>
    </ClInclude>
    <ClInclude Include="Source\Math\Vec3D.h">
      <Filter>Header Files\Math</Filter>
    </ClInclude>
    <ClInclude Include="Source\Math\Vec3D-inl.h">
      <Filter>Header Files\Math</Filter>
    </ClInclude>
    <ClInclude Include="Source\GameObject\IdentityComponent.h">
      <Filter>Header Files\GameObject</Filter>
    </ClInclude>
    <ClInclude Include="Source\Assert\Assert.h">
      <Filter>Header Files\Assert</Filter>
    </ClInclude>
    <ClInclude Include="Source\Memory\AllocatorUtil.h">
      <Filter>Header Files\Memory</Filter>
    </ClInclude>
    <ClInclude Include="Source\Memory\BlockAllocator.h">
      <Filter>Header Files\Memory</Filter>
    </ClInclude>
    <ClInclude Include="Source\Memory\BlockAllocator-inl.h">
      <Filter>Header Files\Memory</Filter>
    </ClInclude>
    <ClInclude Include="Source\Memory\AllocatorOverrides.h">
      <Filter>Header Files\Memory</Filter>
    </ClInclude>
    <ClInclude Include="Source\Math\MathUtil.h">
      <Filter>Header Files\Math</Filter>
    </ClInclude>
    <ClInclude Include="Source\GameObject\IdentityComponent-inl.h">
      <Filter>Header Files\GameObject</Filter>
    </ClInclude>
    <ClInclude Include="Source\Data\BitArray.h">
      <Filter>Header Files\Data</Filter>
    </ClInclude>
    <ClInclude Include="Source\Data\BitArray-inl.h">
      <Filter>Header Files\Data</Filter>
    </ClInclude>
    <ClInclude Include="Source\Memory\FixedSizeAllocator.h">
      <Filter>Header Files\Memory</Filter>
    </ClInclude>
    <ClInclude Include="Source\Memory\FixedSizeAllocator-inl.h">
      <Filter>Header Files\Memory</Filter>
    </ClInclude>
    <ClInclude Include="Source\GameObject\GameObject-inl.h">
      <Filter>Header Files\GameObject</Filter>
    </ClInclude>
  </ItemGroup>
  <ItemGroup>
    <ClCompile Include="Source\Logger\Private\Logger.win32.cpp">
      <Filter>Source Files\Logger</Filter>
    </ClCompile>
    <ClCompile Include="Source\Math\Private\Vec3D.cpp">
      <Filter>Source Files\Math</Filter>
    </ClCompile>
    <ClCompile Include="Source\Math\Private\Vec2D.cpp">
      <Filter>Source Files\Math</Filter>
    </ClCompile>
    <ClCompile Include="Source\Memory\Private\BlockAllocator.cpp">
      <Filter>Source Files\Memory</Filter>
    </ClCompile>
    <ClCompile Include="Source\Memory\Private\AllocatorOverrides.cpp">
      <Filter>Source Files\Memory</Filter>
    </ClCompile>
    <ClCompile Include="Source\Math\Private\Transform.cpp">
      <Filter>Source Files\Math</Filter>
    </ClCompile>
    <ClCompile Include="Source\GameObject\Private\IdentityComponent.cpp">
      <Filter>Source Files\GameObject</Filter>
    </ClCompile>
    <ClCompile Include="Source\Data\Private\BitArray.cpp">
      <Filter>Source Files\Data</Filter>
    </ClCompile>
    <ClCompile Include="Source\Memory\Private\FixedSizeAllocator.cpp">
      <Filter>Source Files\Memory</Filter>
    </ClCompile>
    <ClCompile Include="Source\Memory\Private\AllocatorUtil.cpp">
      <Filter>Source Files\Memory</Filter>
    </ClCompile>
  </ItemGroup>
</Project>